
Microsoft Visual Studio Solution File, Format Version 12.00
# Visual Studio Version 17
VisualStudioVersion = 17.6.33815.320
MinimumVisualStudioVersion = 10.0.40219.1
Project("{FAE04EC0-301F-11D3-BF4B-00C04F79EFBC}") = "Spotfake", "Spotfake\Spotfake.csproj", "{E9254C45-D4D3-435B-ACD5-C788B32D117D}"
EndProject
Global
	GlobalSection(SolutionConfigurationPlatforms) = preSolution
		Debug|Any CPU = Debug|Any CPU
		Release|Any CPU = Release|Any CPU
	EndGlobalSection
	GlobalSection(ProjectConfigurationPlatforms) = postSolution
		{E9254C45-D4D3-435B-ACD5-C788B32D117D}.Debug|Any CPU.ActiveCfg = Debug|Any CPU
		{E9254C45-D4D3-435B-ACD5-C788B32D117D}.Debug|Any CPU.Build.0 = Debug|Any CPU
		{E9254C45-D4D3-435B-ACD5-C788B32D117D}.Release|Any CPU.ActiveCfg = Release|Any CPU
		{E9254C45-D4D3-435B-ACD5-C788B32D117D}.Release|Any CPU.Build.0 = Release|Any CPU
	EndGlobalSection
	GlobalSection(SolutionProperties) = preSolution
		HideSolutionNode = FALSE
	EndGlobalSection
	GlobalSection(ExtensibilityGlobals) = postSolution
		SolutionGuid = {60C1801D-BECB-476E-B9B6-2F174E20244B}
	EndGlobalSection
EndGlobal
